
Microsoft Visual Studio Solution File, Format Version 11.00
# Visual Studio 2010
Project("{FAE04EC0-301F-11D3-BF4B-00C04F79EFBC}") = "Assembly-CSharp", "Assembly-CSharp.csproj", "{424c09e4-e229-40f0-150c-eb8fc415ebcd}"
EndProject
Project("{FAE04EC0-301F-11D3-BF4B-00C04F79EFBC}") = "Assembly-CSharp-Editor", "Assembly-CSharp-Editor.csproj", "{29f662ab-9406-354c-d6cf-283141bf850a}"
EndProject
Global
	GlobalSection(SolutionConfigurationPlatforms) = preSolution
		Debug|Any CPU = Debug|Any CPU
		Release|Any CPU = Release|Any CPU
	EndGlobalSection
	GlobalSection(ProjectConfigurationPlatforms) = postSolution
		{424c09e4-e229-40f0-150c-eb8fc415ebcd}.Debug|Any CPU.ActiveCfg = Debug|Any CPU
		{424c09e4-e229-40f0-150c-eb8fc415ebcd}.Debug|Any CPU.Build.0 = Debug|Any CPU
		{424c09e4-e229-40f0-150c-eb8fc415ebcd}.Release|Any CPU.ActiveCfg = Release|Any CPU
		{424c09e4-e229-40f0-150c-eb8fc415ebcd}.Release|Any CPU.Build.0 = Release|Any CPU
		{29f662ab-9406-354c-d6cf-283141bf850a}.Debug|Any CPU.ActiveCfg = Debug|Any CPU
		{29f662ab-9406-354c-d6cf-283141bf850a}.Debug|Any CPU.Build.0 = Debug|Any CPU
		{29f662ab-9406-354c-d6cf-283141bf850a}.Release|Any CPU.ActiveCfg = Release|Any CPU
		{29f662ab-9406-354c-d6cf-283141bf850a}.Release|Any CPU.Build.0 = Release|Any CPU
	EndGlobalSection
	GlobalSection(SolutionProperties) = preSolution
		HideSolutionNode = FALSE
	EndGlobalSection
EndGlobal
